
Microsoft Visual Studio Solution File, Format Version 12.00
# Visual Studio Version 17
VisualStudioVersion = 17.9.34728.123
MinimumVisualStudioVersion = 10.0.40219.1
Project("{FAE04EC0-301F-11D3-BF4B-00C04F79EFBC}") = "Cp3-Cadastro", "Cp3-Cadastro\Cp3-Cadastro.csproj", "{E31D9AAC-DE4C-40EC-96C6-B565E14A3157}"
EndProject
Global
	GlobalSection(SolutionConfigurationPlatforms) = preSolution
		Debug|Any CPU = Debug|Any CPU
		Release|Any CPU = Release|Any CPU
	EndGlobalSection
	GlobalSection(ProjectConfigurationPlatforms) = postSolution
		{E31D9AAC-DE4C-40EC-96C6-B565E14A3157}.Debug|Any CPU.ActiveCfg = Debug|Any CPU
		{E31D9AAC-DE4C-40EC-96C6-B565E14A3157}.Debug|Any CPU.Build.0 = Debug|Any CPU
		{E31D9AAC-DE4C-40EC-96C6-B565E14A3157}.Release|Any CPU.ActiveCfg = Release|Any CPU
		{E31D9AAC-DE4C-40EC-96C6-B565E14A3157}.Release|Any CPU.Build.0 = Release|Any CPU
	EndGlobalSection
	GlobalSection(SolutionProperties) = preSolution
		HideSolutionNode = FALSE
	EndGlobalSection
	GlobalSection(ExtensibilityGlobals) = postSolution
		SolutionGuid = {A869CB16-9806-4C82-8235-FF8FC92E7013}
	EndGlobalSection
EndGlobal
